// !$*UTF8*$!
{
	archiveVersion = 1;
	classes = {
	};
	objectVersion = 46;
	objects = {

/* Begin PBXBuildFile section */
		562EF6D519BCBBCD00FFE5F4 /* AppDelegate.swift in Sources */ = {isa = PBXBuildFile; fileRef = 562EF6D419BCBBCD00FFE5F4 /* AppDelegate.swift */; };
		562EF6DA19BCBBCD00FFE5F4 /* Main.storyboard in Resources */ = {isa = PBXBuildFile; fileRef = 562EF6D819BCBBCD00FFE5F4 /* Main.storyboard */; };
		562EF6DC19BCBBCD00FFE5F4 /* Images.xcassets in Resources */ = {isa = PBXBuildFile; fileRef = 562EF6DB19BCBBCD00FFE5F4 /* Images.xcassets */; };
		562EF6E819BCBBCD00FFE5F4 /* FacebookFinalTests.swift in Sources */ = {isa = PBXBuildFile; fileRef = 562EF6E719BCBBCD00FFE5F4 /* FacebookFinalTests.swift */; };
		562EF6FC19BCD13A00FFE5F4 /* FeedViewController.swift in Sources */ = {isa = PBXBuildFile; fileRef = 562EF6FB19BCD13A00FFE5F4 /* FeedViewController.swift */; };
		562EF6FE19BCD51B00FFE5F4 /* RequestsViewController.swift in Sources */ = {isa = PBXBuildFile; fileRef = 562EF6FD19BCD51B00FFE5F4 /* RequestsViewController.swift */; };
		56671E8E19BCD99E0099A879 /* MessagesViewController.swift in Sources */ = {isa = PBXBuildFile; fileRef = 56671E8D19BCD99E0099A879 /* MessagesViewController.swift */; };
		56843D9719BCDF4A00AF4A87 /* NotificationsViewController.swift in Sources */ = {isa = PBXBuildFile; fileRef = 56843D9619BCDF4A00AF4A87 /* NotificationsViewController.swift */; };
		56843D9919BCE2A700AF4A87 /* MoreViewController.swift in Sources */ = {isa = PBXBuildFile; fileRef = 56843D9819BCE2A700AF4A87 /* MoreViewController.swift */; };
		56843DA119BCED9900AF4A87 /* StoryViewController.swift in Sources */ = {isa = PBXBuildFile; fileRef = 56843DA019BCED9900AF4A87 /* StoryViewController.swift */; };
		56C5A4D619BD17560059A42A /* StatusViewController.swift in Sources */ = {isa = PBXBuildFile; fileRef = 56C5A4D519BD17560059A42A /* StatusViewController.swift */; };
		56C5A4DA19BD1C6B0059A42A /* PhotoUpdateViewController.swift in Sources */ = {isa = PBXBuildFile; fileRef = 56C5A4D919BD1C6B0059A42A /* PhotoUpdateViewController.swift */; };
		56C5A4DC19BD295B0059A42A /* CheckInViewController.swift in Sources */ = {isa = PBXBuildFile; fileRef = 56C5A4DB19BD295B0059A42A /* CheckInViewController.swift */; };
/* End PBXBuildFile section */

/* Begin PBXContainerItemProxy section */
		562EF6E219BCBBCD00FFE5F4 /* PBXContainerItemProxy */ = {
			isa = PBXContainerItemProxy;
			containerPortal = 562EF6C719BCBBCD00FFE5F4 /* Project object */;
			proxyType = 1;
			remoteGlobalIDString = 562EF6CE19BCBBCD00FFE5F4;
			remoteInfo = FacebookFinal;
		};
/* End PBXContainerItemProxy section */

/* Begin PBXFileReference section */
		562EF6CF19BCBBCD00FFE5F4 /* FacebookFinal.app */ = {isa = PBXFileReference; explicitFileType = wrapper.application; includeInIndex = 0; path = FacebookFinal.app; sourceTree = BUILT_PRODUCTS_DIR; };
		562EF6D319BCBBCD00FFE5F4 /* Info.plist */ = {isa = PBXFileReference; lastKnownFileType = text.plist.xml; path = Info.plist; sourceTree = "<group>"; };
		562EF6D419BCBBCD00FFE5F4 /* AppDelegate.swift */ = {isa = PBXFileReference; lastKnownFileType = sourcecode.swift; path = AppDelegate.swift; sourceTree = "<group>"; };
		562EF6D919BCBBCD00FFE5F4 /* Base */ = {isa = PBXFileReference; lastKnownFileType = file.storyboard; name = Base; path = Base.lproj/Main.storyboard; sourceTree = "<group>"; };
		562EF6DB19BCBBCD00FFE5F4 /* Images.xcassets */ = {isa = PBXFileReference; lastKnownFileType = folder.assetcatalog; path = Images.xcassets; sourceTree = "<group>"; };
		562EF6E119BCBBCD00FFE5F4 /* FacebookFinalTests.xctest */ = {isa = PBXFileReference; explicitFileType = wrapper.cfbundle; includeInIndex = 0; path = FacebookFinalTests.xctest; sourceTree = BUILT_PRODUCTS_DIR; };
		562EF6E619BCBBCD00FFE5F4 /* Info.plist */ = {isa = PBXFileReference; lastKnownFileType = text.plist.xml; path = Info.plist; sourceTree = "<group>"; };
		562EF6E719BCBBCD00FFE5F4 /* FacebookFinalTests.swift */ = {isa = PBXFileReference; lastKnownFileType = sourcecode.swift; path = FacebookFinalTests.swift; sourceTree = "<group>"; };
		562EF6FB19BCD13A00FFE5F4 /* FeedViewController.swift */ = {isa = PBXFileReference; fileEncoding = 4; lastKnownFileType = sourcecode.swift; path = FeedViewController.swift; sourceTree = "<group>"; };
		562EF6FD19BCD51B00FFE5F4 /* RequestsViewController.swift */ = {isa = PBXFileReference; fileEncoding = 4; lastKnownFileType = sourcecode.swift; path = RequestsViewController.swift; sourceTree = "<group>"; };
		56671E8D19BCD99E0099A879 /* MessagesViewController.swift */ = {isa = PBXFileReference; fileEncoding = 4; lastKnownFileType = sourcecode.swift; path = MessagesViewController.swift; sourceTree = "<group>"; };
		56843D9619BCDF4A00AF4A87 /* NotificationsViewController.swift */ = {isa = PBXFileReference; fileEncoding = 4; lastKnownFileType = sourcecode.swift; path = NotificationsViewController.swift; sourceTree = "<group>"; };
		56843D9819BCE2A700AF4A87 /* MoreViewController.swift */ = {isa = PBXFileReference; fileEncoding = 4; lastKnownFileType = sourcecode.swift; path = MoreViewController.swift; sourceTree = "<group>"; };
		56843DA019BCED9900AF4A87 /* StoryViewController.swift */ = {isa = PBXFileReference; fileEncoding = 4; lastKnownFileType = sourcecode.swift; path = StoryViewController.swift; sourceTree = "<group>"; };
		56C5A4D519BD17560059A42A /* StatusViewController.swift */ = {isa = PBXFileReference; fileEncoding = 4; lastKnownFileType = sourcecode.swift; path = StatusViewController.swift; sourceTree = "<group>"; };
		56C5A4D919BD1C6B0059A42A /* PhotoUpdateViewController.swift */ = {isa = PBXFileReference; fileEncoding = 4; lastKnownFileType = sourcecode.swift; path = PhotoUpdateViewController.swift; sourceTree = "<group>"; };
		56C5A4DB19BD295B0059A42A /* CheckInViewController.swift */ = {isa = PBXFileReference; fileEncoding = 4; lastKnownFileType = sourcecode.swift; path = CheckInViewController.swift; sourceTree = "<group>"; };
/* End PBXFileReference section */

/* Begin PBXFrameworksBuildPhase section */
		562EF6CC19BCBBCD00FFE5F4 /* Frameworks */ = {
			isa = PBXFrameworksBuildPhase;
			buildActionMask = 2147483647;
			files = (
			);
			runOnlyForDeploymentPostprocessing = 0;
		};
		562EF6DE19BCBBCD00FFE5F4 /* Frameworks */ = {
			isa = PBXFrameworksBuildPhase;
			buildActionMask = 2147483647;
			files = (
			);
			runOnlyForDeploymentPostprocessing = 0;
		};
/* End PBXFrameworksBuildPhase section */

/* Begin PBXGroup section */
		562EF6C619BCBBCD00FFE5F4 = {
			isa = PBXGroup;
			children = (
				562EF6D119BCBBCD00FFE5F4 /* FacebookFinal */,
				562EF6E419BCBBCD00FFE5F4 /* FacebookFinalTests */,
				562EF6D019BCBBCD00FFE5F4 /* Products */,
			);
			sourceTree = "<group>";
		};
		562EF6D019BCBBCD00FFE5F4 /* Products */ = {
			isa = PBXGroup;
			children = (
				562EF6CF19BCBBCD00FFE5F4 /* FacebookFinal.app */,
				562EF6E119BCBBCD00FFE5F4 /* FacebookFinalTests.xctest */,
			);
			name = Products;
			sourceTree = "<group>";
		};
		562EF6D119BCBBCD00FFE5F4 /* FacebookFinal */ = {
			isa = PBXGroup;
			children = (
				562EF6F819BCD08300FFE5F4 /* ViewControllers */,
				562EF6D419BCBBCD00FFE5F4 /* AppDelegate.swift */,
				562EF6D819BCBBCD00FFE5F4 /* Main.storyboard */,
				562EF6DB19BCBBCD00FFE5F4 /* Images.xcassets */,
				562EF6D219BCBBCD00FFE5F4 /* Supporting Files */,
			);
			path = FacebookFinal;
			sourceTree = "<group>";
		};
		562EF6D219BCBBCD00FFE5F4 /* Supporting Files */ = {
			isa = PBXGroup;
			children = (
				562EF6D319BCBBCD00FFE5F4 /* Info.plist */,
			);
			name = "Supporting Files";
			sourceTree = "<group>";
		};
		562EF6E419BCBBCD00FFE5F4 /* FacebookFinalTests */ = {
			isa = PBXGroup;
			children = (
				562EF6E719BCBBCD00FFE5F4 /* FacebookFinalTests.swift */,
				562EF6E519BCBBCD00FFE5F4 /* Supporting Files */,
			);
			path = FacebookFinalTests;
			sourceTree = "<group>";
		};
		562EF6E519BCBBCD00FFE5F4 /* Supporting Files */ = {
			isa = PBXGroup;
			children = (
				562EF6E619BCBBCD00FFE5F4 /* Info.plist */,
			);
			name = "Supporting Files";
			sourceTree = "<group>";
		};
		562EF6F819BCD08300FFE5F4 /* ViewControllers */ = {
			isa = PBXGroup;
			children = (
				562EF6FB19BCD13A00FFE5F4 /* FeedViewController.swift */,
				562EF6FD19BCD51B00FFE5F4 /* RequestsViewController.swift */,
				56671E8D19BCD99E0099A879 /* MessagesViewController.swift */,
				56843D9619BCDF4A00AF4A87 /* NotificationsViewController.swift */,
				56843D9819BCE2A700AF4A87 /* MoreViewController.swift */,
				56843DA019BCED9900AF4A87 /* StoryViewController.swift */,
				56C5A4D519BD17560059A42A /* StatusViewController.swift */,
				56C5A4D919BD1C6B0059A42A /* PhotoUpdateViewController.swift */,
				56C5A4DB19BD295B0059A42A /* CheckInViewController.swift */,
			);
			name = ViewControllers;
			sourceTree = "<group>";
		};
/* End PBXGroup section */

/* Begin PBXNativeTarget section */
		562EF6CE19BCBBCD00FFE5F4 /* FacebookFinal */ = {
			isa = PBXNativeTarget;
			buildConfigurationList = 562EF6EB19BCBBCD00FFE5F4 /* Build configuration list for PBXNativeTarget "FacebookFinal" */;
			buildPhases = (
				562EF6CB19BCBBCD00FFE5F4 /* Sources */,
				562EF6CC19BCBBCD00FFE5F4 /* Frameworks */,
				562EF6CD19BCBBCD00FFE5F4 /* Resources */,
			);
			buildRules = (
			);
			dependencies = (
			);
			name = FacebookFinal;
			productName = FacebookFinal;
			productReference = 562EF6CF19BCBBCD00FFE5F4 /* FacebookFinal.app */;
			productType = "com.apple.product-type.application";
		};
		562EF6E019BCBBCD00FFE5F4 /* FacebookFinalTests */ = {
			isa = PBXNativeTarget;
			buildConfigurationList = 562EF6EE19BCBBCD00FFE5F4 /* Build configuration list for PBXNativeTarget "FacebookFinalTests" */;
			buildPhases = (
				562EF6DD19BCBBCD00FFE5F4 /* Sources */,
				562EF6DE19BCBBCD00FFE5F4 /* Frameworks */,
				562EF6DF19BCBBCD00FFE5F4 /* Resources */,
			);
			buildRules = (
			);
			dependencies = (
				562EF6E319BCBBCD00FFE5F4 /* PBXTargetDependency */,
			);
			name = FacebookFinalTests;
			productName = FacebookFinalTests;
			productReference = 562EF6E119BCBBCD00FFE5F4 /* FacebookFinalTests.xctest */;
			productType = "com.apple.product-type.bundle.unit-test";
		};
/* End PBXNativeTarget section */

/* Begin PBXProject section */
		562EF6C719BCBBCD00FFE5F4 /* Project object */ = {
			isa = PBXProject;
			attributes = {
				LastUpgradeCheck = 0600;
				ORGANIZATIONNAME = "Daniel Greener";
				TargetAttributes = {
					562EF6CE19BCBBCD00FFE5F4 = {
						CreatedOnToolsVersion = 6.0;
					};
					562EF6E019BCBBCD00FFE5F4 = {
						CreatedOnToolsVersion = 6.0;
						TestTargetID = 562EF6CE19BCBBCD00FFE5F4;
					};
				};
			};
			buildConfigurationList = 562EF6CA19BCBBCD00FFE5F4 /* Build configuration list for PBXProject "FacebookFinal" */;
			compatibilityVersion = "Xcode 3.2";
			developmentRegion = English;
			hasScannedForEncodings = 0;
			knownRegions = (
				en,
				Base,
			);
			mainGroup = 562EF6C619BCBBCD00FFE5F4;
			productRefGroup = 562EF6D019BCBBCD00FFE5F4 /* Products */;
			projectDirPath = "";
			projectRoot = "";
			targets = (
				562EF6CE19BCBBCD00FFE5F4 /* FacebookFinal */,
				562EF6E019BCBBCD00FFE5F4 /* FacebookFinalTests */,
			);
		};
/* End PBXProject section */

/* Begin PBXResourcesBuildPhase section */
		562EF6CD19BCBBCD00FFE5F4 /* Resources */ = {
			isa = PBXResourcesBuildPhase;
			buildActionMask = 2147483647;
			files = (
				562EF6DA19BCBBCD00FFE5F4 /* Main.storyboard in Resources */,
				562EF6DC19BCBBCD00FFE5F4 /* Images.xcassets in Resources */,
			);
			runOnlyForDeploymentPostprocessing = 0;
		};
		562EF6DF19BCBBCD00FFE5F4 /* Resources */ = {
			isa = PBXResourcesBuildPhase;
			buildActionMask = 2147483647;
			files = (
			);
			runOnlyForDeploymentPostprocessing = 0;
		};
/* End PBXResourcesBuildPhase section */

/* Begin PBXSourcesBuildPhase section */
		562EF6CB19BCBBCD00FFE5F4 /* Sources */ = {
			isa = PBXSourcesBuildPhase;
			buildActionMask = 2147483647;
			files = (
				56C5A4D619BD17560059A42A /* StatusViewController.swift in Sources */,
				56843D9719BCDF4A00AF4A87 /* NotificationsViewController.swift in Sources */,
				562EF6FC19BCD13A00FFE5F4 /* FeedViewController.swift in Sources */,
				56C5A4DA19BD1C6B0059A42A /* PhotoUpdateViewController.swift in Sources */,
				56C5A4DC19BD295B0059A42A /* CheckInViewController.swift in Sources */,
				562EF6FE19BCD51B00FFE5F4 /* RequestsViewController.swift in Sources */,
				56843D9919BCE2A700AF4A87 /* MoreViewController.swift in Sources */,
				56671E8E19BCD99E0099A879 /* MessagesViewController.swift in Sources */,
				56843DA119BCED9900AF4A87 /* StoryViewController.swift in Sources */,
				562EF6D519BCBBCD00FFE5F4 /* AppDelegate.swift in Sources */,
			);
			runOnlyForDeploymentPostprocessing = 0;
		};
		562EF6DD19BCBBCD00FFE5F4 /* Sources */ = {
			isa = PBXSourcesBuildPhase;
			buildActionMask = 2147483647;
			files = (
				562EF6E819BCBBCD00FFE5F4 /* FacebookFinalTests.swift in Sources */,
			);
			runOnlyForDeploymentPostprocessing = 0;
		};
/* End PBXSourcesBuildPhase section */

/* Begin PBXTargetDependency section */
		562EF6E319BCBBCD00FFE5F4 /* PBXTargetDependency */ = {
			isa = PBXTargetDependency;
			target = 562EF6CE19BCBBCD00FFE5F4 /* FacebookFinal */;
			targetProxy = 562EF6E219BCBBCD00FFE5F4 /* PBXContainerItemProxy */;
		};
/* End PBXTargetDependency section */

/* Begin PBXVariantGroup section */
		562EF6D819BCBBCD00FFE5F4 /* Main.storyboard */ = {
			isa = PBXVariantGroup;
			children = (
				562EF6D919BCBBCD00FFE5F4 /* Base */,
			);
			name = Main.storyboard;
			sourceTree = "<group>";
		};
/* End PBXVariantGroup section */

/* Begin XCBuildConfiguration section */
		562EF6E919BCBBCD00FFE5F4 /* Debug */ = {
			isa = XCBuildConfiguration;
			buildSettings = {
				ALWAYS_SEARCH_USER_PATHS = NO;
				CLANG_CXX_LANGUAGE_STANDARD = "gnu++0x";
				CLANG_CXX_LIBRARY = "libc++";
				CLANG_ENABLE_MODULES = YES;
				CLANG_ENABLE_OBJC_ARC = YES;
				CLANG_WARN_BOOL_CONVERSION = YES;
				CLANG_WARN_CONSTANT_CONVERSION = YES;
				CLANG_WARN_DIRECT_OBJC_ISA_USAGE = YES_ERROR;
				CLANG_WARN_EMPTY_BODY = YES;
				CLANG_WARN_ENUM_CONVERSION = YES;
				CLANG_WARN_INT_CONVERSION = YES;
				CLANG_WARN_OBJC_ROOT_CLASS = YES_ERROR;
				CLANG_WARN_UNREACHABLE_CODE = YES;
				CLANG_WARN__DUPLICATE_METHOD_MATCH = YES;
				"CODE_SIGN_IDENTITY[sdk=iphoneos*]" = "iPhone Developer";
				COPY_PHASE_STRIP = NO;
				ENABLE_STRICT_OBJC_MSGSEND = YES;
				GCC_C_LANGUAGE_STANDARD = gnu99;
				GCC_DYNAMIC_NO_PIC = NO;
				GCC_OPTIMIZATION_LEVEL = 0;
				GCC_PREPROCESSOR_DEFINITIONS = (
					"DEBUG=1",
					"$(inherited)",
				);
				GCC_SYMBOLS_PRIVATE_EXTERN = NO;
				GCC_WARN_64_TO_32_BIT_CONVERSION = YES;
				GCC_WARN_ABOUT_RETURN_TYPE = YES_ERROR;
				GCC_WARN_UNDECLARED_SELECTOR = YES;
				GCC_WARN_UNINITIALIZED_AUTOS = YES_AGGRESSIVE;
				GCC_WARN_UNUSED_FUNCTION = YES;
				GCC_WARN_UNUSED_VARIABLE = YES;
				IPHONEOS_DEPLOYMENT_TARGET = 8.0;
				MTL_ENABLE_DEBUG_INFO = YES;
				ONLY_ACTIVE_ARCH = YES;
				SDKROOT = iphoneos;
				SWIFT_OPTIMIZATION_LEVEL = "-Onone";
				TARGETED_DEVICE_FAMILY = "1,2";
			};
			name = Debug;
		};
		562EF6EA19BCBBCD00FFE5F4 /* Release */ = {
			isa = XCBuildConfiguration;
			buildSettings = {
				ALWAYS_SEARCH_USER_PATHS = NO;
				CLANG_CXX_LANGUAGE_STANDARD = "gnu++0x";
				CLANG_CXX_LIBRARY = "libc++";
				CLANG_ENABLE_MODULES = YES;
				CLANG_ENABLE_OBJC_ARC = YES;
				CLANG_WARN_BOOL_CONVERSION = YES;
				CLANG_WARN_CONSTANT_CONVERSION = YES;
				CLANG_WARN_DIRECT_OBJC_ISA_USAGE = YES_ERROR;
				CLANG_WARN_EMPTY_BODY = YES;
				CLANG_WARN_ENUM_CONVERSION = YES;
				CLANG_WARN_INT_CONVERSION = YES;
				CLANG_WARN_OBJC_ROOT_CLASS = YES_ERROR;
				CLANG_WARN_UNREACHABLE_CODE = YES;
				CLANG_WARN__DUPLICATE_METHOD_MATCH = YES;
				"CODE_SIGN_IDENTITY[sdk=iphoneos*]" = "iPhone Developer";
				COPY_PHASE_STRIP = YES;
				ENABLE_NS_ASSERTIONS = NO;
				ENABLE_STRICT_OBJC_MSGSEND = YES;
				GCC_C_LANGUAGE_STANDARD = gnu99;
				GCC_WARN_64_TO_32_BIT_CONVERSION = YES;
				GCC_WARN_ABOUT_RETURN_TYPE = YES_ERROR;
				GCC_WARN_UNDECLARED_SELECTOR = YES;
				GCC_WARN_UNINITIALIZED_AUTOS = YES_AGGRESSIVE;
				GCC_WARN_UNUSED_FUNCTION = YES;
				GCC_WARN_UNUSED_VARIABLE = YES;
				IPHONEOS_DEPLOYMENT_TARGET = 8.0;
				MTL_ENABLE_DEBUG_INFO = NO;
				SDKROOT = iphoneos;
				TARGETED_DEVICE_FAMILY = "1,2";
				VALIDATE_PRODUCT = YES;
			};
			name = Release;
		};
		562EF6EC19BCBBCD00FFE5F4 /* Debug */ = {
			isa = XCBuildConfiguration;
			buildSettings = {
				ASSETCATALOG_COMPILER_APPICON_NAME = AppIcon;
				ASSETCATALOG_COMPILER_LAUNCHIMAGE_NAME = LaunchImage;
				INFOPLIST_FILE = FacebookFinal/Info.plist;
				LD_RUNPATH_SEARCH_PATHS = "$(inherited) @executable_path/Frameworks";
				PRODUCT_NAME = "$(TARGET_NAME)";
			};
			name = Debug;
		};
		562EF6ED19BCBBCD00FFE5F4 /* Release */ = {
			isa = XCBuildConfiguration;
			buildSettings = {
				ASSETCATALOG_COMPILER_APPICON_NAME = AppIcon;
				ASSETCATALOG_COMPILER_LAUNCHIMAGE_NAME = LaunchImage;
				INFOPLIST_FILE = FacebookFinal/Info.plist;
				LD_RUNPATH_SEARCH_PATHS = "$(inherited) @executable_path/Frameworks";
				PRODUCT_NAME = "$(TARGET_NAME)";
			};
			name = Release;
		};
		562EF6EF19BCBBCD00FFE5F4 /* Debug */ = {
			isa = XCBuildConfiguration;
			buildSettings = {
				BUNDLE_LOADER = "$(TEST_HOST)";
				FRAMEWORK_SEARCH_PATHS = (
					"$(SDKROOT)/Developer/Library/Frameworks",
					"$(inherited)",
				);
				GCC_PREPROCESSOR_DEFINITIONS = (
					"DEBUG=1",
					"$(inherited)",
				);
				INFOPLIST_FILE = FacebookFinalTests/Info.plist;
				LD_RUNPATH_SEARCH_PATHS = "$(inherited) @executable_path/Frameworks @loader_path/Frameworks";
				PRODUCT_NAME = "$(TARGET_NAME)";
				TEST_HOST = "$(BUILT_PRODUCTS_DIR)/FacebookFinal.app/FacebookFinal";
			};
			name = Debug;
		};
		562EF6F019BCBBCD00FFE5F4 /* Release */ = {
			isa = XCBuildConfiguration;
			buildSettings = {
				BUNDLE_LOADER = "$(TEST_HOST)";
				FRAMEWORK_SEARCH_PATHS = (
					"$(SDKROOT)/Developer/Library/Frameworks",
					"$(inherited)",
				);
				INFOPLIST_FILE = FacebookFinalTests/Info.plist;
				LD_RUNPATH_SEARCH_PATHS = "$(inherited) @executable_path/Frameworks @loader_path/Frameworks";
				PRODUCT_NAME = "$(TARGET_NAME)";
				TEST_HOST = "$(BUILT_PRODUCTS_DIR)/FacebookFinal.app/FacebookFinal";
			};
			name = Release;
		};
/* End XCBuildConfiguration section */

/* Begin XCConfigurationList section */
		562EF6CA19BCBBCD00FFE5F4 /* Build configuration list for PBXProject "FacebookFinal" */ = {
			isa = XCConfigurationList;
			buildConfigurations = (
				562EF6E919BCBBCD00FFE5F4 /* Debug */,
				562EF6EA19BCBBCD00FFE5F4 /* Release */,
			);
			defaultConfigurationIsVisible = 0;
			defaultConfigurationName = Release;
		};
		562EF6EB19BCBBCD00FFE5F4 /* Build configuration list for PBXNativeTarget "FacebookFinal" */ = {
			isa = XCConfigurationList;
			buildConfigurations = (
				562EF6EC19BCBBCD00FFE5F4 /* Debug */,
				562EF6ED19BCBBCD00FFE5F4 /* Release */,
			);
			defaultConfigurationIsVisible = 0;
			defaultConfigurationName = Release;
		};
		562EF6EE19BCBBCD00FFE5F4 /* Build configuration list for PBXNativeTarget "FacebookFinalTests" */ = {
			isa = XCConfigurationList;
			buildConfigurations = (
				562EF6EF19BCBBCD00FFE5F4 /* Debug */,
				562EF6F019BCBBCD00FFE5F4 /* Release */,
			);
			defaultConfigurationIsVisible = 0;
			defaultConfigurationName = Release;
		};
/* End XCConfigurationList section */
	};
	rootObject = 562EF6C719BCBBCD00FFE5F4 /* Project object */;
}
